<?xml version="1.0" encoding="utf-8"?>
<Project ToolsVersion="4.0" xmlns="http://schemas.microsoft.com/developer/msbuild/2003">
  <ItemGroup>
    <Filter Include="Source Files">
      <UniqueIdentifier>{4FC737F1-C7A5-4376-A066-2A32D752A2FF}</UniqueIdentifier>
      <Extensions>cpp;cxx;c;def</Extensions>
    </Filter>
    <Filter Include="Header Files">
      <UniqueIdentifier>{93995380-89BD-4b04-88EB-625FBE52EBFB}</UniqueIdentifier>
      <Extensions>h</Extensions>
    </Filter>
    <Filter Include="Form Files">
      <UniqueIdentifier>{99349809-55BA-4b9d-BF79-8FDBB0286EB3}</UniqueIdentifier>
      <Extensions>ui</Extensions>
    </Filter>
    <Filter Include="Resource Files">
      <UniqueIdentifier>{D9D6E242-F8AF-46E4-B9FD-80ECBC20BA3E}</UniqueIdentifier>
      <Extensions>qrc;*</Extensions>
      <ParseFiles>false</ParseFiles>
    </Filter>
    <Filter Include="Generated Files">
      <UniqueIdentifier>{71ED8ED8-ACB9-4CE9-BBE1-E00B30144E11}</UniqueIdentifier>
      <Extensions>moc;h;cpp</Extensions>
      <SourceControlFiles>False</SourceControlFiles>
    </Filter>
    <Filter Include="Generated Files\Debug">
      <UniqueIdentifier>{29e5a1c3-42cb-4dd3-8a8f-0fb439c5902a}</UniqueIdentifier>
      <Extensions>cpp;moc</Extensions>
      <SourceControlFiles>False</SourceControlFiles>
    </Filter>
    <Filter Include="Generated Files\Release">
      <UniqueIdentifier>{61f73bdf-15ac-4d1d-b3bc-cfa0616076ff}</UniqueIdentifier>
      <Extensions>cpp;moc</Extensions>
      <SourceControlFiles>False</SourceControlFiles>
    </Filter>
    <Filter Include="Capture">
      <UniqueIdentifier>{fb7f8d40-be76-4188-8084-2ee751125899}</UniqueIdentifier>
    </Filter>
    <Filter Include="Filters">
      <UniqueIdentifier>{67ff1e4c-345a-4975-890e-fa2a438a28f1}</UniqueIdentifier>
    </Filter>
    <Filter Include="Transform">
      <UniqueIdentifier>{687c6734-57bd-4663-b9f4-5678adeda786}</UniqueIdentifier>
    </Filter>
    <Filter Include="Visualize">
      <UniqueIdentifier>{3392ee53-a837-455b-bce6-13fdcb6e3e32}</UniqueIdentifier>
    </Filter>
    <Filter Include="Pipeline">
      <UniqueIdentifier>{45838ff4-8971-469f-b55f-a6706d7a78e3}</UniqueIdentifier>
    </Filter>
    <Filter Include="GUI">
      <UniqueIdentifier>{f7763627-b89c-400a-9076-4f4703b8cf26}</UniqueIdentifier>
    </Filter>
    <Filter Include="GUI\MainForm">
      <UniqueIdentifier>{9ca2897b-0e42-4a5d-b37d-9a2bebfd4e67}</UniqueIdentifier>
    </Filter>
  </ItemGroup>
  <ItemGroup>
    <ClCompile Include="XTion3DModelBuilder.cpp">
      <Filter>Source Files</Filter>
    </ClCompile>
    <ClCompile Include="GUI\MainForm\xtionscanner.cpp">
      <Filter>GUI\MainForm</Filter>
    </ClCompile>
    <ClCompile Include="GeneratedFiles\Debug\moc_xtionscanner.cpp">
      <Filter>Generated Files\Debug</Filter>
    </ClCompile>
    <ClCompile Include="GeneratedFiles\Release\moc_xtionscanner.cpp">
      <Filter>Generated Files\Release</Filter>
    </ClCompile>
    <ClCompile Include="Capture\XTionCapture.cpp">
      <Filter>Capture</Filter>
    </ClCompile>
    <ClCompile Include="Pipeline\AbstractPipelineStage.cpp">
      <Filter>Pipeline</Filter>
    </ClCompile>
    <ClCompile Include="GeneratedFiles\Debug\moc_AbstractPipelineStage.cpp">
      <Filter>Generated Files\Debug</Filter>
    </ClCompile>
    <ClCompile Include="GeneratedFiles\Release\moc_AbstractPipelineStage.cpp">
      <Filter>Generated Files\Release</Filter>
    </ClCompile>
    <ClCompile Include="main.cpp">
      <Filter>Source Files</Filter>
    </ClCompile>
  </ItemGroup>
  <ItemGroup>
    <CustomBuild Include="xtionscanner.ui">
      <Filter>Form Files</Filter>
    </CustomBuild>
    <CustomBuild Include="xtionscanner.qrc">
      <Filter>Resource Files</Filter>
    </CustomBuild>
    <CustomBuild Include="GUI\MainForm\xtionscanner.h">
      <Filter>GUI\MainForm</Filter>
    </CustomBuild>
    <CustomBuild Include="Pipeline\AbstractPipelineStage.h">
      <Filter>Pipeline</Filter>
    </CustomBuild>
  </ItemGroup>
  <ItemGroup>
    <ClInclude Include="GeneratedFiles\ui_xtionscanner.h">
      <Filter>Generated Files</Filter>
    </ClInclude>
    <ClInclude Include="XTion3DModelBuilder.h">
      <Filter>Header Files</Filter>
    </ClInclude>
    <ClInclude Include="Capture\XTionCapture.h">
      <Filter>Capture</Filter>
    </ClInclude>
    <ClInclude Include="Pipeline\AbstractPipelineData.h">
      <Filter>Pipeline</Filter>
    </ClInclude>
  </ItemGroup>
  <ItemGroup>
    <ResourceCompile Include="XtionScanner.rc" />
  </ItemGroup>
</Project>